// !$*UTF8*$!
{
	archiveVersion = 1;
	classes = {
	};
	objectVersion = 48;
	objects = {

/* Begin PBXBuildFile section */
		BE0386061FE194140059DFEB /* DZRResources.bundle in Resources */ = {isa = PBXBuildFile; fileRef = BE0386051FE193FA0059DFEB /* DZRResources.bundle */; };
		BE08EF1A1FA884EF004A4D6D /* AppDelegate.swift in Sources */ = {isa = PBXBuildFile; fileRef = BE08EF191FA884EF004A4D6D /* AppDelegate.swift */; };
		BE08EF1F1FA884EF004A4D6D /* Main.storyboard in Resources */ = {isa = PBXBuildFile; fileRef = BE08EF1D1FA884EF004A4D6D /* Main.storyboard */; };
		BE08EF211FA884EF004A4D6D /* Assets.xcassets in Resources */ = {isa = PBXBuildFile; fileRef = BE08EF201FA884EF004A4D6D /* Assets.xcassets */; };
		BE08EF241FA884EF004A4D6D /* LaunchScreen.storyboard in Resources */ = {isa = PBXBuildFile; fileRef = BE08EF221FA884EF004A4D6D /* LaunchScreen.storyboard */; };
		BE08EF3A1FA884F0004A4D6D /* DeezerSampleSwiftUITests.swift in Sources */ = {isa = PBXBuildFile; fileRef = BE08EF391FA884F0004A4D6D /* DeezerSampleSwiftUITests.swift */; };
		BE23DF7C1FED2D8A0079DA66 /* libDeezer.a in Frameworks */ = {isa = PBXBuildFile; fileRef = BE23DF7B1FED2D8A0079DA66 /* libDeezer.a */; };
		BE3A5DB11FB46AB300F63873 /* DeezerError.swift in Sources */ = {isa = PBXBuildFile; fileRef = BE3A5DB01FB46AB300F63873 /* DeezerError.swift */; };
		BE5142E01FB5E0B9000B46F5 /* TestDeezerError.swift in Sources */ = {isa = PBXBuildFile; fileRef = BE5142DF1FB5E0B9000B46F5 /* TestDeezerError.swift */; };
		BE5142E11FB5E3E1000B46F5 /* DeezerError.swift in Sources */ = {isa = PBXBuildFile; fileRef = BE3A5DB01FB46AB300F63873 /* DeezerError.swift */; };
		BE5B742F1FB0C6B800C47FDC /* DeezerSelectTypeViewController.swift in Sources */ = {isa = PBXBuildFile; fileRef = BE5B742E1FB0C6B800C47FDC /* DeezerSelectTypeViewController.swift */; };
		BE5B74311FB1B1ED00C47FDC /* DeezerPlayerViewController.swift in Sources */ = {isa = PBXBuildFile; fileRef = BE5B74301FB1B1ED00C47FDC /* DeezerPlayerViewController.swift */; };
		BE5B74331FB3125E00C47FDC /* DeezerObjectTableViewDelegate.swift in Sources */ = {isa = PBXBuildFile; fileRef = BE5B74321FB3125E00C47FDC /* DeezerObjectTableViewDelegate.swift */; };
		BE5C319E1FA8DC1F0014372E /* NavigationManager.swift in Sources */ = {isa = PBXBuildFile; fileRef = BE5C319D1FA8DC1F0014372E /* NavigationManager.swift */; };
		BE5C31A01FA8E1350014372E /* DeezerFavoriteViewController.swift in Sources */ = {isa = PBXBuildFile; fileRef = BE5C319F1FA8E1350014372E /* DeezerFavoriteViewController.swift */; };
		BE5C31A31FA8E1940014372E /* UIViewControllerExtension.swift in Sources */ = {isa = PBXBuildFile; fileRef = BE5C31A21FA8E1940014372E /* UIViewControllerExtension.swift */; };
		BE5C31A51FA8ED800014372E /* BaseViewController.swift in Sources */ = {isa = PBXBuildFile; fileRef = BE5C31A41FA8ED800014372E /* BaseViewController.swift */; };
		BE5C31A71FA8EE390014372E /* DeezerObjectListViewController.swift in Sources */ = {isa = PBXBuildFile; fileRef = BE5C31A61FA8EE390014372E /* DeezerObjectListViewController.swift */; };
		BE75C1FE1FC45EA30063F3E6 /* ResultLogin.swift in Sources */ = {isa = PBXBuildFile; fileRef = BE75C1FD1FC45EA30063F3E6 /* ResultLogin.swift */; };
		BEAC2C731FA889A400E93F49 /* DeezerSessionViewController.swift in Sources */ = {isa = PBXBuildFile; fileRef = BEAC2C721FA889A400E93F49 /* DeezerSessionViewController.swift */; };
		BEAC2C761FA8B50C00E93F49 /* SessionState.swift in Sources */ = {isa = PBXBuildFile; fileRef = BEAC2C751FA8B50C00E93F49 /* SessionState.swift */; };
		BEAC2C791FA8B55B00E93F49 /* DeezerManager.swift in Sources */ = {isa = PBXBuildFile; fileRef = BEAC2C781FA8B55B00E93F49 /* DeezerManager.swift */; };
		BEC577771FAB5CF8003825CF /* KeyChainManager.swift in Sources */ = {isa = PBXBuildFile; fileRef = BEC577761FAB5CF8003825CF /* KeyChainManager.swift */; };
		BEC5777B1FAB63CC003825CF /* TestKeyChainManager.swift in Sources */ = {isa = PBXBuildFile; fileRef = BEC5777A1FAB63CC003825CF /* TestKeyChainManager.swift */; };
		BEC5777C1FAB6401003825CF /* KeyChainManager.swift in Sources */ = {isa = PBXBuildFile; fileRef = BEC577761FAB5CF8003825CF /* KeyChainManager.swift */; };
		BEC5777F1FAB804A003825CF /* DataConvertible.swift in Sources */ = {isa = PBXBuildFile; fileRef = BEC5777E1FAB804A003825CF /* DataConvertible.swift */; };
		BEC577801FAB83DB003825CF /* DataConvertible.swift in Sources */ = {isa = PBXBuildFile; fileRef = BEC5777E1FAB804A003825CF /* DataConvertible.swift */; };
		BEC577851FAC6D0D003825CF /* DeezerConstants.swift in Sources */ = {isa = PBXBuildFile; fileRef = BEC577841FAC6D0D003825CF /* DeezerConstants.swift */; };
		BEC577871FAC7AD8003825CF /* DeezerObjectType.swift in Sources */ = {isa = PBXBuildFile; fileRef = BEC577861FAC7AD8003825CF /* DeezerObjectType.swift */; };
		BEE5DA331FE19F3A00D475BB /* SystemConfiguration.framework in Frameworks */ = {isa = PBXBuildFile; fileRef = BE0386111FE19B190059DFEB /* SystemConfiguration.framework */; };
		BEE5DA341FE19F4700D475BB /* AudioToolbox.framework in Frameworks */ = {isa = PBXBuildFile; fileRef = BE0386101FE19B140059DFEB /* AudioToolbox.framework */; };
		BEE5DA351FE19F4F00D475BB /* CFNetwork.framework in Frameworks */ = {isa = PBXBuildFile; fileRef = BE03860E1FE19B060059DFEB /* CFNetwork.framework */; };
		BEE5DA361FE19F5800D475BB /* MediaPlayer.framework in Frameworks */ = {isa = PBXBuildFile; fileRef = BE03860C1FE19AF90059DFEB /* MediaPlayer.framework */; };
		BEE5DA371FE19F5F00D475BB /* Foundation.framework in Frameworks */ = {isa = PBXBuildFile; fileRef = BE0386091FE19A8B0059DFEB /* Foundation.framework */; };
		BEE5DA381FE19F6400D475BB /* CoreGraphics.framework in Frameworks */ = {isa = PBXBuildFile; fileRef = BE03860A1FE19AEA0059DFEB /* CoreGraphics.framework */; };
		BEE5DA391FE19F6A00D475BB /* QuartzCore.framework in Frameworks */ = {isa = PBXBuildFile; fileRef = BE03860D1FE19AFF0059DFEB /* QuartzCore.framework */; };
		BEE5DA3A1FE19F7600D475BB /* UIKit.framework in Frameworks */ = {isa = PBXBuildFile; fileRef = BE03860B1FE19AF30059DFEB /* UIKit.framework */; };
		BEE5DA3B1FE19F8300D475BB /* AVFoundation.framework in Frameworks */ = {isa = PBXBuildFile; fileRef = BE03860F1FE19B0C0059DFEB /* AVFoundation.framework */; };
		BEE5DA3D1FE1A04000D475BB /* Security.framework in Frameworks */ = {isa = PBXBuildFile; fileRef = BEE5DA3C1FE19FE400D475BB /* Security.framework */; };
		BEE5DA411FE1A0B200D475BB /* libicucore.tbd in Frameworks */ = {isa = PBXBuildFile; fileRef = BEE5DA401FE1A0B200D475BB /* libicucore.tbd */; };
		BEE695CD1FB070FD00F52525 /* DeezerSearchViewController.swift in Sources */ = {isa = PBXBuildFile; fileRef = BEE695CC1FB070FD00F52525 /* DeezerSearchViewController.swift */; };
		BEE695D01FB0B3E300F52525 /* DeezerObject.swift in Sources */ = {isa = PBXBuildFile; fileRef = BEE695CF1FB0B3E300F52525 /* DeezerObject.swift */; };
/* End PBXBuildFile section */

/* Begin PBXContainerItemProxy section */
		BE08EF2B1FA884F0004A4D6D /* PBXContainerItemProxy */ = {
			isa = PBXContainerItemProxy;
			containerPortal = BE08EF0E1FA884EF004A4D6D /* Project object */;
			proxyType = 1;
			remoteGlobalIDString = BE08EF151FA884EF004A4D6D;
			remoteInfo = DeezerSampleSwift;
		};
		BE08EF361FA884F0004A4D6D /* PBXContainerItemProxy */ = {
			isa = PBXContainerItemProxy;
			containerPortal = BE08EF0E1FA884EF004A4D6D /* Project object */;
			proxyType = 1;
			remoteGlobalIDString = BE08EF151FA884EF004A4D6D;
			remoteInfo = DeezerSampleSwift;
		};
/* End PBXContainerItemProxy section */

/* Begin PBXCopyFilesBuildPhase section */
		BEAC2C841FA8C92300E93F49 /* Embed Frameworks */ = {
			isa = PBXCopyFilesBuildPhase;
			buildActionMask = 2147483647;
			dstPath = "";
			dstSubfolderSpec = 10;
			files = (
			);
			name = "Embed Frameworks";
			runOnlyForDeploymentPostprocessing = 0;
		};
/* End PBXCopyFilesBuildPhase section */

/* Begin PBXFileReference section */
		BE0386051FE193FA0059DFEB /* DZRResources.bundle */ = {isa = PBXFileReference; lastKnownFileType = "wrapper.plug-in"; name = DZRResources.bundle; path = ../DeezerSDK/DZRResources.bundle; sourceTree = "<group>"; };
		BE0386071FE196D10059DFEB /* deezer.xcconfig */ = {isa = PBXFileReference; fileEncoding = 4; lastKnownFileType = text.xcconfig; path = deezer.xcconfig; sourceTree = "<group>"; };
		BE0386091FE19A8B0059DFEB /* Foundation.framework */ = {isa = PBXFileReference; lastKnownFileType = wrapper.framework; name = Foundation.framework; path = System/Library/Frameworks/Foundation.framework; sourceTree = SDKROOT; };
		BE03860A1FE19AEA0059DFEB /* CoreGraphics.framework */ = {isa = PBXFileReference; lastKnownFileType = wrapper.framework; name = CoreGraphics.framework; path = System/Library/Frameworks/CoreGraphics.framework; sourceTree = SDKROOT; };
		BE03860B1FE19AF30059DFEB /* UIKit.framework */ = {isa = PBXFileReference; lastKnownFileType = wrapper.framework; name = UIKit.framework; path = System/Library/Frameworks/UIKit.framework; sourceTree = SDKROOT; };
		BE03860C1FE19AF90059DFEB /* MediaPlayer.framework */ = {isa = PBXFileReference; lastKnownFileType = wrapper.framework; name = MediaPlayer.framework; path = System/Library/Frameworks/MediaPlayer.framework; sourceTree = SDKROOT; };
		BE03860D1FE19AFF0059DFEB /* QuartzCore.framework */ = {isa = PBXFileReference; lastKnownFileType = wrapper.framework; name = QuartzCore.framework; path = System/Library/Frameworks/QuartzCore.framework; sourceTree = SDKROOT; };
		BE03860E1FE19B060059DFEB /* CFNetwork.framework */ = {isa = PBXFileReference; lastKnownFileType = wrapper.framework; name = CFNetwork.framework; path = System/Library/Frameworks/CFNetwork.framework; sourceTree = SDKROOT; };
		BE03860F1FE19B0C0059DFEB /* AVFoundation.framework */ = {isa = PBXFileReference; lastKnownFileType = wrapper.framework; name = AVFoundation.framework; path = System/Library/Frameworks/AVFoundation.framework; sourceTree = SDKROOT; };
		BE0386101FE19B140059DFEB /* AudioToolbox.framework */ = {isa = PBXFileReference; lastKnownFileType = wrapper.framework; name = AudioToolbox.framework; path = System/Library/Frameworks/AudioToolbox.framework; sourceTree = SDKROOT; };
		BE0386111FE19B190059DFEB /* SystemConfiguration.framework */ = {isa = PBXFileReference; lastKnownFileType = wrapper.framework; name = SystemConfiguration.framework; path = System/Library/Frameworks/SystemConfiguration.framework; sourceTree = SDKROOT; };
		BE08EF161FA884EF004A4D6D /* DeezerSampleSwift.app */ = {isa = PBXFileReference; explicitFileType = wrapper.application; includeInIndex = 0; path = DeezerSampleSwift.app; sourceTree = BUILT_PRODUCTS_DIR; };
		BE08EF191FA884EF004A4D6D /* AppDelegate.swift */ = {isa = PBXFileReference; lastKnownFileType = sourcecode.swift; path = AppDelegate.swift; sourceTree = "<group>"; };
		BE08EF1E1FA884EF004A4D6D /* Base */ = {isa = PBXFileReference; lastKnownFileType = file.storyboard; name = Base; path = Base.lproj/Main.storyboard; sourceTree = "<group>"; };
		BE08EF201FA884EF004A4D6D /* Assets.xcassets */ = {isa = PBXFileReference; lastKnownFileType = folder.assetcatalog; path = Assets.xcassets; sourceTree = "<group>"; };
		BE08EF231FA884EF004A4D6D /* Base */ = {isa = PBXFileReference; lastKnownFileType = file.storyboard; name = Base; path = Base.lproj/LaunchScreen.storyboard; sourceTree = "<group>"; };
		BE08EF251FA884EF004A4D6D /* Info.plist */ = {isa = PBXFileReference; lastKnownFileType = text.plist.xml; path = Info.plist; sourceTree = "<group>"; };
		BE08EF2A1FA884F0004A4D6D /* DeezerSampleSwiftTests.xctest */ = {isa = PBXFileReference; explicitFileType = wrapper.cfbundle; includeInIndex = 0; path = DeezerSampleSwiftTests.xctest; sourceTree = BUILT_PRODUCTS_DIR; };
		BE08EF301FA884F0004A4D6D /* Info.plist */ = {isa = PBXFileReference; lastKnownFileType = text.plist.xml; path = Info.plist; sourceTree = "<group>"; };
		BE08EF351FA884F0004A4D6D /* DeezerSampleSwiftUITests.xctest */ = {isa = PBXFileReference; explicitFileType = wrapper.cfbundle; includeInIndex = 0; path = DeezerSampleSwiftUITests.xctest; sourceTree = BUILT_PRODUCTS_DIR; };
		BE08EF391FA884F0004A4D6D /* DeezerSampleSwiftUITests.swift */ = {isa = PBXFileReference; lastKnownFileType = sourcecode.swift; path = DeezerSampleSwiftUITests.swift; sourceTree = "<group>"; };
		BE08EF3B1FA884F0004A4D6D /* Info.plist */ = {isa = PBXFileReference; lastKnownFileType = text.plist.xml; path = Info.plist; sourceTree = "<group>"; };
		BE23DF7B1FED2D8A0079DA66 /* libDeezer.a */ = {isa = PBXFileReference; lastKnownFileType = archive.ar; name = libDeezer.a; path = ../DeezerSDK/libDeezer.a; sourceTree = "<group>"; };
		BE3A5DB01FB46AB300F63873 /* DeezerError.swift */ = {isa = PBXFileReference; lastKnownFileType = sourcecode.swift; path = DeezerError.swift; sourceTree = "<group>"; };
		BE5142DF1FB5E0B9000B46F5 /* TestDeezerError.swift */ = {isa = PBXFileReference; lastKnownFileType = sourcecode.swift; path = TestDeezerError.swift; sourceTree = "<group>"; };
		BE5B742E1FB0C6B800C47FDC /* DeezerSelectTypeViewController.swift */ = {isa = PBXFileReference; lastKnownFileType = sourcecode.swift; path = DeezerSelectTypeViewController.swift; sourceTree = "<group>"; };
		BE5B74301FB1B1ED00C47FDC /* DeezerPlayerViewController.swift */ = {isa = PBXFileReference; lastKnownFileType = sourcecode.swift; path = DeezerPlayerViewController.swift; sourceTree = "<group>"; };
		BE5B74321FB3125E00C47FDC /* DeezerObjectTableViewDelegate.swift */ = {isa = PBXFileReference; lastKnownFileType = sourcecode.swift; path = DeezerObjectTableViewDelegate.swift; sourceTree = "<group>"; };
		BE5C319D1FA8DC1F0014372E /* NavigationManager.swift */ = {isa = PBXFileReference; lastKnownFileType = sourcecode.swift; path = NavigationManager.swift; sourceTree = "<group>"; };
		BE5C319F1FA8E1350014372E /* DeezerFavoriteViewController.swift */ = {isa = PBXFileReference; lastKnownFileType = sourcecode.swift; path = DeezerFavoriteViewController.swift; sourceTree = "<group>"; };
		BE5C31A21FA8E1940014372E /* UIViewControllerExtension.swift */ = {isa = PBXFileReference; lastKnownFileType = sourcecode.swift; path = UIViewControllerExtension.swift; sourceTree = "<group>"; };
		BE5C31A41FA8ED800014372E /* BaseViewController.swift */ = {isa = PBXFileReference; lastKnownFileType = sourcecode.swift; path = BaseViewController.swift; sourceTree = "<group>"; };
		BE5C31A61FA8EE390014372E /* DeezerObjectListViewController.swift */ = {isa = PBXFileReference; lastKnownFileType = sourcecode.swift; path = DeezerObjectListViewController.swift; sourceTree = "<group>"; };
		BE75C1FD1FC45EA30063F3E6 /* ResultLogin.swift */ = {isa = PBXFileReference; lastKnownFileType = sourcecode.swift; path = ResultLogin.swift; sourceTree = "<group>"; };
		BEAC2C701FA887D300E93F49 /* bridging-header.h */ = {isa = PBXFileReference; lastKnownFileType = sourcecode.c.h; path = "bridging-header.h"; sourceTree = "<group>"; };
		BEAC2C721FA889A400E93F49 /* DeezerSessionViewController.swift */ = {isa = PBXFileReference; lastKnownFileType = sourcecode.swift; path = DeezerSessionViewController.swift; sourceTree = "<group>"; };
		BEAC2C751FA8B50C00E93F49 /* SessionState.swift */ = {isa = PBXFileReference; lastKnownFileType = sourcecode.swift; path = SessionState.swift; sourceTree = "<group>"; };
		BEAC2C781FA8B55B00E93F49 /* DeezerManager.swift */ = {isa = PBXFileReference; lastKnownFileType = sourcecode.swift; path = DeezerManager.swift; sourceTree = "<group>"; };
		BEC577761FAB5CF8003825CF /* KeyChainManager.swift */ = {isa = PBXFileReference; lastKnownFileType = sourcecode.swift; path = KeyChainManager.swift; sourceTree = "<group>"; };
		BEC5777A1FAB63CC003825CF /* TestKeyChainManager.swift */ = {isa = PBXFileReference; lastKnownFileType = sourcecode.swift; path = TestKeyChainManager.swift; sourceTree = "<group>"; };
		BEC5777D1FAB66A2003825CF /* DeezerSampleSwift.entitlements */ = {isa = PBXFileReference; lastKnownFileType = text.plist.entitlements; path = DeezerSampleSwift.entitlements; sourceTree = "<group>"; };
		BEC5777E1FAB804A003825CF /* DataConvertible.swift */ = {isa = PBXFileReference; lastKnownFileType = sourcecode.swift; path = DataConvertible.swift; sourceTree = "<group>"; };
		BEC577841FAC6D0D003825CF /* DeezerConstants.swift */ = {isa = PBXFileReference; lastKnownFileType = sourcecode.swift; path = DeezerConstants.swift; sourceTree = "<group>"; };
		BEC577861FAC7AD8003825CF /* DeezerObjectType.swift */ = {isa = PBXFileReference; lastKnownFileType = sourcecode.swift; path = DeezerObjectType.swift; sourceTree = "<group>"; };
		BEE5DA3C1FE19FE400D475BB /* Security.framework */ = {isa = PBXFileReference; lastKnownFileType = wrapper.framework; name = Security.framework; path = System/Library/Frameworks/Security.framework; sourceTree = SDKROOT; };
		BEE5DA401FE1A0B200D475BB /* libicucore.tbd */ = {isa = PBXFileReference; lastKnownFileType = "sourcecode.text-based-dylib-definition"; name = libicucore.tbd; path = usr/lib/libicucore.tbd; sourceTree = SDKROOT; };
		BEE695CC1FB070FD00F52525 /* DeezerSearchViewController.swift */ = {isa = PBXFileReference; lastKnownFileType = sourcecode.swift; path = DeezerSearchViewController.swift; sourceTree = "<group>"; };
		BEE695CF1FB0B3E300F52525 /* DeezerObject.swift */ = {isa = PBXFileReference; lastKnownFileType = sourcecode.swift; path = DeezerObject.swift; sourceTree = "<group>"; };
/* End PBXFileReference section */

/* Begin PBXFrameworksBuildPhase section */
		BE08EF131FA884EF004A4D6D /* Frameworks */ = {
			isa = PBXFrameworksBuildPhase;
			buildActionMask = 2147483647;
			files = (
				BE23DF7C1FED2D8A0079DA66 /* libDeezer.a in Frameworks */,
				BEE5DA3D1FE1A04000D475BB /* Security.framework in Frameworks */,
				BEE5DA3B1FE19F8300D475BB /* AVFoundation.framework in Frameworks */,
				BEE5DA3A1FE19F7600D475BB /* UIKit.framework in Frameworks */,
				BEE5DA391FE19F6A00D475BB /* QuartzCore.framework in Frameworks */,
				BEE5DA381FE19F6400D475BB /* CoreGraphics.framework in Frameworks */,
				BEE5DA371FE19F5F00D475BB /* Foundation.framework in Frameworks */,
				BEE5DA361FE19F5800D475BB /* MediaPlayer.framework in Frameworks */,
				BEE5DA411FE1A0B200D475BB /* libicucore.tbd in Frameworks */,
				BEE5DA351FE19F4F00D475BB /* CFNetwork.framework in Frameworks */,
				BEE5DA331FE19F3A00D475BB /* SystemConfiguration.framework in Frameworks */,
				BEE5DA341FE19F4700D475BB /* AudioToolbox.framework in Frameworks */,
			);
			runOnlyForDeploymentPostprocessing = 0;
		};
		BE08EF271FA884F0004A4D6D /* Frameworks */ = {
			isa = PBXFrameworksBuildPhase;
			buildActionMask = 2147483647;
			files = (
			);
			runOnlyForDeploymentPostprocessing = 0;
		};
		BE08EF321FA884F0004A4D6D /* Frameworks */ = {
			isa = PBXFrameworksBuildPhase;
			buildActionMask = 2147483647;
			files = (
			);
			runOnlyForDeploymentPostprocessing = 0;
		};
/* End PBXFrameworksBuildPhase section */

/* Begin PBXGroup section */
		BE0386001FE18DE10059DFEB /* Frameworks */ = {
			isa = PBXGroup;
			children = (
				BE23DF7B1FED2D8A0079DA66 /* libDeezer.a */,
				BEE5DA401FE1A0B200D475BB /* libicucore.tbd */,
				BEE5DA3C1FE19FE400D475BB /* Security.framework */,
				BE0386111FE19B190059DFEB /* SystemConfiguration.framework */,
				BE0386101FE19B140059DFEB /* AudioToolbox.framework */,
				BE03860F1FE19B0C0059DFEB /* AVFoundation.framework */,
				BE03860E1FE19B060059DFEB /* CFNetwork.framework */,
				BE03860D1FE19AFF0059DFEB /* QuartzCore.framework */,
				BE03860C1FE19AF90059DFEB /* MediaPlayer.framework */,
				BE03860B1FE19AF30059DFEB /* UIKit.framework */,
				BE03860A1FE19AEA0059DFEB /* CoreGraphics.framework */,
				BE0386091FE19A8B0059DFEB /* Foundation.framework */,
				BE0386051FE193FA0059DFEB /* DZRResources.bundle */,
			);
			name = Frameworks;
			sourceTree = "<group>";
		};
		BE08EF0D1FA884EF004A4D6D = {
			isa = PBXGroup;
			children = (
				BE0386071FE196D10059DFEB /* deezer.xcconfig */,
				BE08EF181FA884EF004A4D6D /* DeezerSampleSwift */,
				BE08EF2D1FA884F0004A4D6D /* DeezerSampleSwiftTests */,
				BE08EF381FA884F0004A4D6D /* DeezerSampleSwiftUITests */,
				BE08EF171FA884EF004A4D6D /* Products */,
				BE0386001FE18DE10059DFEB /* Frameworks */,
			);
			sourceTree = "<group>";
		};
		BE08EF171FA884EF004A4D6D /* Products */ = {
			isa = PBXGroup;
			children = (
				BE08EF161FA884EF004A4D6D /* DeezerSampleSwift.app */,
				BE08EF2A1FA884F0004A4D6D /* DeezerSampleSwiftTests.xctest */,
				BE08EF351FA884F0004A4D6D /* DeezerSampleSwiftUITests.xctest */,
			);
			name = Products;
			sourceTree = "<group>";
		};
		BE08EF181FA884EF004A4D6D /* DeezerSampleSwift */ = {
			isa = PBXGroup;
			children = (
				BEC5777D1FAB66A2003825CF /* DeezerSampleSwift.entitlements */,
				BEC577831FAC6CE9003825CF /* Constant */,
				BEAC2C741FA8B4D800E93F49 /* Enum */,
				BEAC2C771FA8B54700E93F49 /* Manager */,
				BEE695CE1FB0B11400F52525 /* Model */,
				BEAC2C7A1FA8B92F00E93F49 /* Protocol */,
				BEAC2C711FA8897B00E93F49 /* ViewControllers */,
				BEAC2C6F1FA8879900E93F49 /* Ressources */,
				BE5C31A11FA8E1770014372E /* Utils */,
				BE08EF191FA884EF004A4D6D /* AppDelegate.swift */,
				BE08EF1D1FA884EF004A4D6D /* Main.storyboard */,
				BE08EF221FA884EF004A4D6D /* LaunchScreen.storyboard */,
			);
			path = DeezerSampleSwift;
			sourceTree = "<group>";
		};
		BE08EF2D1FA884F0004A4D6D /* DeezerSampleSwiftTests */ = {
			isa = PBXGroup;
			children = (
				BEC577791FAB63B2003825CF /* Manager */,
				BE08EF301FA884F0004A4D6D /* Info.plist */,
			);
			path = DeezerSampleSwiftTests;
			sourceTree = "<group>";
		};
		BE08EF381FA884F0004A4D6D /* DeezerSampleSwiftUITests */ = {
			isa = PBXGroup;
			children = (
				BE08EF391FA884F0004A4D6D /* DeezerSampleSwiftUITests.swift */,
				BE08EF3B1FA884F0004A4D6D /* Info.plist */,
			);
			path = DeezerSampleSwiftUITests;
			sourceTree = "<group>";
		};
		BE5B742D1FB0C67500C47FDC /* Search */ = {
			isa = PBXGroup;
			children = (
				BEE695CC1FB070FD00F52525 /* DeezerSearchViewController.swift */,
				BE5B742E1FB0C6B800C47FDC /* DeezerSelectTypeViewController.swift */,
			);
			path = Search;
			sourceTree = "<group>";
		};
		BE5C319A1FA8D9E10014372E /* Base */ = {
			isa = PBXGroup;
			children = (
				BE5B74321FB3125E00C47FDC /* DeezerObjectTableViewDelegate.swift */,
				BE5C31A41FA8ED800014372E /* BaseViewController.swift */,
			);
			path = Base;
			sourceTree = "<group>";
		};
		BE5C31A11FA8E1770014372E /* Utils */ = {
			isa = PBXGroup;
			children = (
				BE5C31A21FA8E1940014372E /* UIViewControllerExtension.swift */,
			);
			path = Utils;
			sourceTree = "<group>";
		};
		BEAC2C6F1FA8879900E93F49 /* Ressources */ = {
			isa = PBXGroup;
			children = (
				BE08EF251FA884EF004A4D6D /* Info.plist */,
				BE08EF201FA884EF004A4D6D /* Assets.xcassets */,
				BEAC2C701FA887D300E93F49 /* bridging-header.h */,
			);
			path = Ressources;
			sourceTree = "<group>";
		};
		BEAC2C711FA8897B00E93F49 /* ViewControllers */ = {
			isa = PBXGroup;
			children = (
				BE5C319A1FA8D9E10014372E /* Base */,
				BE5B742D1FB0C67500C47FDC /* Search */,
				BEAC2C721FA889A400E93F49 /* DeezerSessionViewController.swift */,
				BE5C319F1FA8E1350014372E /* DeezerFavoriteViewController.swift */,
				BE5C31A61FA8EE390014372E /* DeezerObjectListViewController.swift */,
				BE5B74301FB1B1ED00C47FDC /* DeezerPlayerViewController.swift */,
			);
			path = ViewControllers;
			sourceTree = "<group>";
		};
		BEAC2C741FA8B4D800E93F49 /* Enum */ = {
			isa = PBXGroup;
			children = (
				BEAC2C751FA8B50C00E93F49 /* SessionState.swift */,
				BEC577861FAC7AD8003825CF /* DeezerObjectType.swift */,
				BE75C1FD1FC45EA30063F3E6 /* ResultLogin.swift */,
			);
			path = Enum;
			sourceTree = "<group>";
		};
		BEAC2C771FA8B54700E93F49 /* Manager */ = {
			isa = PBXGroup;
			children = (
				BE3A5DB01FB46AB300F63873 /* DeezerError.swift */,
				BEAC2C781FA8B55B00E93F49 /* DeezerManager.swift */,
				BEC577761FAB5CF8003825CF /* KeyChainManager.swift */,
				BE5C319D1FA8DC1F0014372E /* NavigationManager.swift */,
			);
			path = Manager;
			sourceTree = "<group>";
		};
		BEAC2C7A1FA8B92F00E93F49 /* Protocol */ = {
			isa = PBXGroup;
			children = (
				BEC5777E1FAB804A003825CF /* DataConvertible.swift */,
			);
			path = Protocol;
			sourceTree = "<group>";
		};
		BEC577791FAB63B2003825CF /* Manager */ = {
			isa = PBXGroup;
			children = (
				BEC5777A1FAB63CC003825CF /* TestKeyChainManager.swift */,
				BE5142DF1FB5E0B9000B46F5 /* TestDeezerError.swift */,
			);
			path = Manager;
			sourceTree = "<group>";
		};
		BEC577831FAC6CE9003825CF /* Constant */ = {
			isa = PBXGroup;
			children = (
				BEC577841FAC6D0D003825CF /* DeezerConstants.swift */,
			);
			path = Constant;
			sourceTree = "<group>";
		};
		BEE695CE1FB0B11400F52525 /* Model */ = {
			isa = PBXGroup;
			children = (
				BEE695CF1FB0B3E300F52525 /* DeezerObject.swift */,
			);
			path = Model;
			sourceTree = "<group>";
		};
/* End PBXGroup section */

/* Begin PBXNativeTarget section */
		BE08EF151FA884EF004A4D6D /* DeezerSampleSwift */ = {
			isa = PBXNativeTarget;
			buildConfigurationList = BE08EF3E1FA884F0004A4D6D /* Build configuration list for PBXNativeTarget "DeezerSampleSwift" */;
			buildPhases = (
				BE08EF121FA884EF004A4D6D /* Sources */,
				BE08EF131FA884EF004A4D6D /* Frameworks */,
				BE08EF141FA884EF004A4D6D /* Resources */,
				BEAC2C841FA8C92300E93F49 /* Embed Frameworks */,
			);
			buildRules = (
			);
			dependencies = (
			);
			name = DeezerSampleSwift;
			productName = DeezerSampleSwift;
			productReference = BE08EF161FA884EF004A4D6D /* DeezerSampleSwift.app */;
			productType = "com.apple.product-type.application";
		};
		BE08EF291FA884F0004A4D6D /* DeezerSampleSwiftTests */ = {
			isa = PBXNativeTarget;
			buildConfigurationList = BE08EF411FA884F0004A4D6D /* Build configuration list for PBXNativeTarget "DeezerSampleSwiftTests" */;
			buildPhases = (
				BE08EF261FA884F0004A4D6D /* Sources */,
				BE08EF271FA884F0004A4D6D /* Frameworks */,
				BE08EF281FA884F0004A4D6D /* Resources */,
			);
			buildRules = (
			);
			dependencies = (
				BE08EF2C1FA884F0004A4D6D /* PBXTargetDependency */,
			);
			name = DeezerSampleSwiftTests;
			productName = DeezerSampleSwiftTests;
			productReference = BE08EF2A1FA884F0004A4D6D /* DeezerSampleSwiftTests.xctest */;
			productType = "com.apple.product-type.bundle.unit-test";
		};
		BE08EF341FA884F0004A4D6D /* DeezerSampleSwiftUITests */ = {
			isa = PBXNativeTarget;
			buildConfigurationList = BE08EF441FA884F0004A4D6D /* Build configuration list for PBXNativeTarget "DeezerSampleSwiftUITests" */;
			buildPhases = (
				BE08EF311FA884F0004A4D6D /* Sources */,
				BE08EF321FA884F0004A4D6D /* Frameworks */,
				BE08EF331FA884F0004A4D6D /* Resources */,
			);
			buildRules = (
			);
			dependencies = (
				BE08EF371FA884F0004A4D6D /* PBXTargetDependency */,
			);
			name = DeezerSampleSwiftUITests;
			productName = DeezerSampleSwiftUITests;
			productReference = BE08EF351FA884F0004A4D6D /* DeezerSampleSwiftUITests.xctest */;
			productType = "com.apple.product-type.bundle.ui-testing";
		};
/* End PBXNativeTarget section */

/* Begin PBXProject section */
		BE08EF0E1FA884EF004A4D6D /* Project object */ = {
			isa = PBXProject;
			attributes = {
				LastSwiftUpdateCheck = 0900;
				LastUpgradeCheck = 0900;
				ORGANIZATIONNAME = "Steven Martreux";
				TargetAttributes = {
					BE08EF151FA884EF004A4D6D = {
						CreatedOnToolsVersion = 9.0.1;
						ProvisioningStyle = Automatic;
						SystemCapabilities = {
							com.apple.BackgroundModes = {
								enabled = 1;
							};
							com.apple.Keychain = {
								enabled = 1;
							};
						};
					};
					BE08EF291FA884F0004A4D6D = {
						CreatedOnToolsVersion = 9.0.1;
						ProvisioningStyle = Automatic;
						TestTargetID = BE08EF151FA884EF004A4D6D;
					};
					BE08EF341FA884F0004A4D6D = {
						CreatedOnToolsVersion = 9.0.1;
						ProvisioningStyle = Automatic;
						TestTargetID = BE08EF151FA884EF004A4D6D;
					};
				};
			};
			buildConfigurationList = BE08EF111FA884EF004A4D6D /* Build configuration list for PBXProject "DeezerSampleSwift" */;
			compatibilityVersion = "Xcode 8.0";
			developmentRegion = en;
			hasScannedForEncodings = 0;
			knownRegions = (
				en,
				Base,
			);
			mainGroup = BE08EF0D1FA884EF004A4D6D;
			productRefGroup = BE08EF171FA884EF004A4D6D /* Products */;
			projectDirPath = "";
			projectRoot = "";
			targets = (
				BE08EF151FA884EF004A4D6D /* DeezerSampleSwift */,
				BE08EF291FA884F0004A4D6D /* DeezerSampleSwiftTests */,
				BE08EF341FA884F0004A4D6D /* DeezerSampleSwiftUITests */,
			);
		};
/* End PBXProject section */

/* Begin PBXResourcesBuildPhase section */
		BE08EF141FA884EF004A4D6D /* Resources */ = {
			isa = PBXResourcesBuildPhase;
			buildActionMask = 2147483647;
			files = (
				BE08EF241FA884EF004A4D6D /* LaunchScreen.storyboard in Resources */,
				BE08EF211FA884EF004A4D6D /* Assets.xcassets in Resources */,
				BE08EF1F1FA884EF004A4D6D /* Main.storyboard in Resources */,
				BE0386061FE194140059DFEB /* DZRResources.bundle in Resources */,
			);
			runOnlyForDeploymentPostprocessing = 0;
		};
		BE08EF281FA884F0004A4D6D /* Resources */ = {
			isa = PBXResourcesBuildPhase;
			buildActionMask = 2147483647;
			files = (
			);
			runOnlyForDeploymentPostprocessing = 0;
		};
		BE08EF331FA884F0004A4D6D /* Resources */ = {
			isa = PBXResourcesBuildPhase;
			buildActionMask = 2147483647;
			files = (
			);
			runOnlyForDeploymentPostprocessing = 0;
		};
/* End PBXResourcesBuildPhase section */

/* Begin PBXSourcesBuildPhase section */
		BE08EF121FA884EF004A4D6D /* Sources */ = {
			isa = PBXSourcesBuildPhase;
			buildActionMask = 2147483647;
			files = (
				BEAC2C791FA8B55B00E93F49 /* DeezerManager.swift in Sources */,
				BEC577771FAB5CF8003825CF /* KeyChainManager.swift in Sources */,
				BEC577871FAC7AD8003825CF /* DeezerObjectType.swift in Sources */,
				BE5C31A31FA8E1940014372E /* UIViewControllerExtension.swift in Sources */,
				BE5B74311FB1B1ED00C47FDC /* DeezerPlayerViewController.swift in Sources */,
				BE5C319E1FA8DC1F0014372E /* NavigationManager.swift in Sources */,
				BE5C31A51FA8ED800014372E /* BaseViewController.swift in Sources */,
				BE5C31A01FA8E1350014372E /* DeezerFavoriteViewController.swift in Sources */,
				BE75C1FE1FC45EA30063F3E6 /* ResultLogin.swift in Sources */,
				BEE695D01FB0B3E300F52525 /* DeezerObject.swift in Sources */,
				BEAC2C761FA8B50C00E93F49 /* SessionState.swift in Sources */,
				BEAC2C731FA889A400E93F49 /* DeezerSessionViewController.swift in Sources */,
				BE08EF1A1FA884EF004A4D6D /* AppDelegate.swift in Sources */,
				BE3A5DB11FB46AB300F63873 /* DeezerError.swift in Sources */,
				BEE695CD1FB070FD00F52525 /* DeezerSearchViewController.swift in Sources */,
				BEC577851FAC6D0D003825CF /* DeezerConstants.swift in Sources */,
				BEC5777F1FAB804A003825CF /* DataConvertible.swift in Sources */,
				BE5C31A71FA8EE390014372E /* DeezerObjectListViewController.swift in Sources */,
				BE5B74331FB3125E00C47FDC /* DeezerObjectTableViewDelegate.swift in Sources */,
				BE5B742F1FB0C6B800C47FDC /* DeezerSelectTypeViewController.swift in Sources */,
			);
			runOnlyForDeploymentPostprocessing = 0;
		};
		BE08EF261FA884F0004A4D6D /* Sources */ = {
			isa = PBXSourcesBuildPhase;
			buildActionMask = 2147483647;
			files = (
				BE5142E11FB5E3E1000B46F5 /* DeezerError.swift in Sources */,
				BEC5777C1FAB6401003825CF /* KeyChainManager.swift in Sources */,
				BE5142E01FB5E0B9000B46F5 /* TestDeezerError.swift in Sources */,
				BEC5777B1FAB63CC003825CF /* TestKeyChainManager.swift in Sources */,
				BEC577801FAB83DB003825CF /* DataConvertible.swift in Sources */,
			);
			runOnlyForDeploymentPostprocessing = 0;
		};
		BE08EF311FA884F0004A4D6D /* Sources */ = {
			isa = PBXSourcesBuildPhase;
			buildActionMask = 2147483647;
			files = (
				BE08EF3A1FA884F0004A4D6D /* DeezerSampleSwiftUITests.swift in Sources */,
			);
			runOnlyForDeploymentPostprocessing = 0;
		};
/* End PBXSourcesBuildPhase section */

/* Begin PBXTargetDependency section */
		BE08EF2C1FA884F0004A4D6D /* PBXTargetDependency */ = {
			isa = PBXTargetDependency;
			target = BE08EF151FA884EF004A4D6D /* DeezerSampleSwift */;
			targetProxy = BE08EF2B1FA884F0004A4D6D /* PBXContainerItemProxy */;
		};
		BE08EF371FA884F0004A4D6D /* PBXTargetDependency */ = {
			isa = PBXTargetDependency;
			target = BE08EF151FA884EF004A4D6D /* DeezerSampleSwift */;
			targetProxy = BE08EF361FA884F0004A4D6D /* PBXContainerItemProxy */;
		};
/* End PBXTargetDependency section */

/* Begin PBXVariantGroup section */
		BE08EF1D1FA884EF004A4D6D /* Main.storyboard */ = {
			isa = PBXVariantGroup;
			children = (
				BE08EF1E1FA884EF004A4D6D /* Base */,
			);
			name = Main.storyboard;
			sourceTree = "<group>";
		};
		BE08EF221FA884EF004A4D6D /* LaunchScreen.storyboard */ = {
			isa = PBXVariantGroup;
			children = (
				BE08EF231FA884EF004A4D6D /* Base */,
			);
			name = LaunchScreen.storyboard;
			sourceTree = "<group>";
		};
/* End PBXVariantGroup section */

/* Begin XCBuildConfiguration section */
		BE08EF3C1FA884F0004A4D6D /* Debug */ = {
			isa = XCBuildConfiguration;
			baseConfigurationReference = BE0386071FE196D10059DFEB /* deezer.xcconfig */;
			buildSettings = {
				ALWAYS_SEARCH_USER_PATHS = NO;
				CLANG_ANALYZER_NONNULL = YES;
				CLANG_ANALYZER_NUMBER_OBJECT_CONVERSION = YES_AGGRESSIVE;
				CLANG_CXX_LANGUAGE_STANDARD = "gnu++14";
				CLANG_CXX_LIBRARY = "libc++";
				CLANG_ENABLE_MODULES = YES;
				CLANG_ENABLE_OBJC_ARC = YES;
				CLANG_WARN_BLOCK_CAPTURE_AUTORELEASING = YES;
				CLANG_WARN_BOOL_CONVERSION = YES;
				CLANG_WARN_COMMA = YES;
				CLANG_WARN_CONSTANT_CONVERSION = YES;
				CLANG_WARN_DIRECT_OBJC_ISA_USAGE = YES_ERROR;
				CLANG_WARN_DOCUMENTATION_COMMENTS = YES;
				CLANG_WARN_EMPTY_BODY = YES;
				CLANG_WARN_ENUM_CONVERSION = YES;
				CLANG_WARN_INFINITE_RECURSION = YES;
				CLANG_WARN_INT_CONVERSION = YES;
				CLANG_WARN_NON_LITERAL_NULL_CONVERSION = YES;
				CLANG_WARN_OBJC_LITERAL_CONVERSION = YES;
				CLANG_WARN_OBJC_ROOT_CLASS = YES_ERROR;
				CLANG_WARN_RANGE_LOOP_ANALYSIS = YES;
				CLANG_WARN_STRICT_PROTOTYPES = YES;
				CLANG_WARN_SUSPICIOUS_MOVE = YES;
				CLANG_WARN_UNGUARDED_AVAILABILITY = YES_AGGRESSIVE;
				CLANG_WARN_UNREACHABLE_CODE = YES;
				CLANG_WARN__DUPLICATE_METHOD_MATCH = YES;
				CODE_SIGN_IDENTITY = "iPhone Developer";
				COPY_PHASE_STRIP = NO;
				DEBUG_INFORMATION_FORMAT = dwarf;
				ENABLE_STRICT_OBJC_MSGSEND = YES;
				ENABLE_TESTABILITY = YES;
				GCC_C_LANGUAGE_STANDARD = gnu11;
				GCC_DYNAMIC_NO_PIC = NO;
				GCC_NO_COMMON_BLOCKS = YES;
				GCC_OPTIMIZATION_LEVEL = 0;
				GCC_PREPROCESSOR_DEFINITIONS = (
					"DEBUG=1",
					"$(inherited)",
				);
				GCC_WARN_64_TO_32_BIT_CONVERSION = YES;
				GCC_WARN_ABOUT_RETURN_TYPE = YES_ERROR;
				GCC_WARN_UNDECLARED_SELECTOR = YES;
				GCC_WARN_UNINITIALIZED_AUTOS = YES_AGGRESSIVE;
				GCC_WARN_UNUSED_FUNCTION = YES;
				GCC_WARN_UNUSED_VARIABLE = YES;
				IPHONEOS_DEPLOYMENT_TARGET = 11.0;
				MTL_ENABLE_DEBUG_INFO = YES;
				ONLY_ACTIVE_ARCH = YES;
				SDKROOT = iphoneos;
				SWIFT_ACTIVE_COMPILATION_CONDITIONS = DEBUG;
				SWIFT_OPTIMIZATION_LEVEL = "-Onone";
			};
			name = Debug;
		};
		BE08EF3D1FA884F0004A4D6D /* Release */ = {
			isa = XCBuildConfiguration;
			baseConfigurationReference = BE0386071FE196D10059DFEB /* deezer.xcconfig */;
			buildSettings = {
				ALWAYS_SEARCH_USER_PATHS = NO;
				CLANG_ANALYZER_NONNULL = YES;
				CLANG_ANALYZER_NUMBER_OBJECT_CONVERSION = YES_AGGRESSIVE;
				CLANG_CXX_LANGUAGE_STANDARD = "gnu++14";
				CLANG_CXX_LIBRARY = "libc++";
				CLANG_ENABLE_MODULES = YES;
				CLANG_ENABLE_OBJC_ARC = YES;
				CLANG_WARN_BLOCK_CAPTURE_AUTORELEASING = YES;
				CLANG_WARN_BOOL_CONVERSION = YES;
				CLANG_WARN_COMMA = YES;
				CLANG_WARN_CONSTANT_CONVERSION = YES;
				CLANG_WARN_DIRECT_OBJC_ISA_USAGE = YES_ERROR;
				CLANG_WARN_DOCUMENTATION_COMMENTS = YES;
				CLANG_WARN_EMPTY_BODY = YES;
				CLANG_WARN_ENUM_CONVERSION = YES;
				CLANG_WARN_INFINITE_RECURSION = YES;
				CLANG_WARN_INT_CONVERSION = YES;
				CLANG_WARN_NON_LITERAL_NULL_CONVERSION = YES;
				CLANG_WARN_OBJC_LITERAL_CONVERSION = YES;
				CLANG_WARN_OBJC_ROOT_CLASS = YES_ERROR;
				CLANG_WARN_RANGE_LOOP_ANALYSIS = YES;
				CLANG_WARN_STRICT_PROTOTYPES = YES;
				CLANG_WARN_SUSPICIOUS_MOVE = YES;
				CLANG_WARN_UNGUARDED_AVAILABILITY = YES_AGGRESSIVE;
				CLANG_WARN_UNREACHABLE_CODE = YES;
				CLANG_WARN__DUPLICATE_METHOD_MATCH = YES;
				CODE_SIGN_IDENTITY = "iPhone Developer";
				COPY_PHASE_STRIP = NO;
				DEBUG_INFORMATION_FORMAT = "dwarf-with-dsym";
				ENABLE_NS_ASSERTIONS = NO;
				ENABLE_STRICT_OBJC_MSGSEND = YES;
				GCC_C_LANGUAGE_STANDARD = gnu11;
				GCC_NO_COMMON_BLOCKS = YES;
				GCC_WARN_64_TO_32_BIT_CONVERSION = YES;
				GCC_WARN_ABOUT_RETURN_TYPE = YES_ERROR;
				GCC_WARN_UNDECLARED_SELECTOR = YES;
				GCC_WARN_UNINITIALIZED_AUTOS = YES_AGGRESSIVE;
				GCC_WARN_UNUSED_FUNCTION = YES;
				GCC_WARN_UNUSED_VARIABLE = YES;
				IPHONEOS_DEPLOYMENT_TARGET = 11.0;
				MTL_ENABLE_DEBUG_INFO = NO;
				SDKROOT = iphoneos;
				SWIFT_OPTIMIZATION_LEVEL = "-Owholemodule";
				VALIDATE_PRODUCT = YES;
			};
			name = Release;
		};
		BE08EF3F1FA884F0004A4D6D /* Debug */ = {
			isa = XCBuildConfiguration;
			baseConfigurationReference = BE0386071FE196D10059DFEB /* deezer.xcconfig */;
			buildSettings = {
				ASSETCATALOG_COMPILER_APPICON_NAME = AppIcon;
				CODE_SIGN_ENTITLEMENTS = DeezerSampleSwift/DeezerSampleSwift.entitlements;
				CODE_SIGN_STYLE = Automatic;
				DEVELOPMENT_TEAM = 7QLUP2K45C;
				HEADER_SEARCH_PATHS = "\"$(SRCROOT)/../Deezer/Deezer\"/**";
				INFOPLIST_FILE = "$(SRCROOT)/DeezerSampleSwift/Ressources/Info.plist";
				IPHONEOS_DEPLOYMENT_TARGET = 9.0;
				LD_RUNPATH_SEARCH_PATHS = "$(inherited) @executable_path/Frameworks";
				OTHER_LDFLAGS = "-ObjC";
				PRODUCT_BUNDLE_IDENTIFIER = com.deezer.DeezerSample;
				PRODUCT_NAME = "$(TARGET_NAME)";
				SWIFT_OBJC_BRIDGING_HEADER = "DeezerSampleSwift/Ressources/bridging-header.h";
				SWIFT_VERSION = 4.0;
				TARGETED_DEVICE_FAMILY = "1,2";
			};
			name = Debug;
		};
		BE08EF401FA884F0004A4D6D /* Release */ = {
			isa = XCBuildConfiguration;
			baseConfigurationReference = BE0386071FE196D10059DFEB /* deezer.xcconfig */;
			buildSettings = {
				ASSETCATALOG_COMPILER_APPICON_NAME = AppIcon;
				CODE_SIGN_ENTITLEMENTS = DeezerSampleSwift/DeezerSampleSwift.entitlements;
				CODE_SIGN_STYLE = Automatic;
				DEVELOPMENT_TEAM = 7QLUP2K45C;
				HEADER_SEARCH_PATHS = "\"$(SRCROOT)/../Deezer/Deezer\"/**";
				INFOPLIST_FILE = "$(SRCROOT)/DeezerSampleSwift/Ressources/Info.plist";
				IPHONEOS_DEPLOYMENT_TARGET = 9.0;
				LD_RUNPATH_SEARCH_PATHS = "$(inherited) @executable_path/Frameworks";
				OTHER_LDFLAGS = "-ObjC";
				PRODUCT_BUNDLE_IDENTIFIER = com.deezer.DeezerSample;
				PRODUCT_NAME = "$(TARGET_NAME)";
				SWIFT_OBJC_BRIDGING_HEADER = "DeezerSampleSwift/Ressources/bridging-header.h";
				SWIFT_VERSION = 4.0;
				TARGETED_DEVICE_FAMILY = "1,2";
			};
			name = Release;
		};
		BE08EF421FA884F0004A4D6D /* Debug */ = {
			isa = XCBuildConfiguration;
			baseConfigurationReference = BE0386071FE196D10059DFEB /* deezer.xcconfig */;
			buildSettings = {
				ALWAYS_EMBED_SWIFT_STANDARD_LIBRARIES = YES;
				BUNDLE_LOADER = "$(TEST_HOST)";
				CODE_SIGN_STYLE = Automatic;
				DEVELOPMENT_TEAM = 7QLUP2K45C;
				INFOPLIST_FILE = DeezerSampleSwiftTests/Info.plist;
				LD_RUNPATH_SEARCH_PATHS = "$(inherited) @executable_path/Frameworks @loader_path/Frameworks";
				PRODUCT_BUNDLE_IDENTIFIER = com.deezer.DeezerSampleSwiftTests;
				PRODUCT_NAME = "$(TARGET_NAME)";
				SWIFT_VERSION = 4.0;
				TARGETED_DEVICE_FAMILY = "1,2";
				TEST_HOST = "$(BUILT_PRODUCTS_DIR)/DeezerSampleSwift.app/DeezerSampleSwift";
			};
			name = Debug;
		};
		BE08EF431FA884F0004A4D6D /* Release */ = {
			isa = XCBuildConfiguration;
			baseConfigurationReference = BE0386071FE196D10059DFEB /* deezer.xcconfig */;
			buildSettings = {
				ALWAYS_EMBED_SWIFT_STANDARD_LIBRARIES = YES;
				BUNDLE_LOADER = "$(TEST_HOST)";
				CODE_SIGN_STYLE = Automatic;
				DEVELOPMENT_TEAM = 7QLUP2K45C;
				INFOPLIST_FILE = DeezerSampleSwiftTests/Info.plist;
				LD_RUNPATH_SEARCH_PATHS = "$(inherited) @executable_path/Frameworks @loader_path/Frameworks";
				PRODUCT_BUNDLE_IDENTIFIER = com.deezer.DeezerSampleSwiftTests;
				PRODUCT_NAME = "$(TARGET_NAME)";
				SWIFT_VERSION = 4.0;
				TARGETED_DEVICE_FAMILY = "1,2";
				TEST_HOST = "$(BUILT_PRODUCTS_DIR)/DeezerSampleSwift.app/DeezerSampleSwift";
			};
			name = Release;
		};
		BE08EF451FA884F0004A4D6D /* Debug */ = {
			isa = XCBuildConfiguration;
			baseConfigurationReference = BE0386071FE196D10059DFEB /* deezer.xcconfig */;
			buildSettings = {
				ALWAYS_EMBED_SWIFT_STANDARD_LIBRARIES = YES;
				CODE_SIGN_STYLE = Automatic;
				DEVELOPMENT_TEAM = 7QLUP2K45C;
				INFOPLIST_FILE = DeezerSampleSwiftUITests/Info.plist;
				LD_RUNPATH_SEARCH_PATHS = "$(inherited) @executable_path/Frameworks @loader_path/Frameworks";
				PRODUCT_BUNDLE_IDENTIFIER = com.deezer.DeezerSampleSwiftUITests;
				PRODUCT_NAME = "$(TARGET_NAME)";
				SWIFT_VERSION = 4.0;
				TARGETED_DEVICE_FAMILY = "1,2";
				TEST_TARGET_NAME = DeezerSampleSwift;
			};
			name = Debug;
		};
		BE08EF461FA884F0004A4D6D /* Release */ = {
			isa = XCBuildConfiguration;
			baseConfigurationReference = BE0386071FE196D10059DFEB /* deezer.xcconfig */;
			buildSettings = {
				ALWAYS_EMBED_SWIFT_STANDARD_LIBRARIES = YES;
				CODE_SIGN_STYLE = Automatic;
				DEVELOPMENT_TEAM = 7QLUP2K45C;
				INFOPLIST_FILE = DeezerSampleSwiftUITests/Info.plist;
				LD_RUNPATH_SEARCH_PATHS = "$(inherited) @executable_path/Frameworks @loader_path/Frameworks";
				PRODUCT_BUNDLE_IDENTIFIER = com.deezer.DeezerSampleSwiftUITests;
				PRODUCT_NAME = "$(TARGET_NAME)";
				SWIFT_VERSION = 4.0;
				TARGETED_DEVICE_FAMILY = "1,2";
				TEST_TARGET_NAME = DeezerSampleSwift;
			};
			name = Release;
		};
/* End XCBuildConfiguration section */

/* Begin XCConfigurationList section */
		BE08EF111FA884EF004A4D6D /* Build configuration list for PBXProject "DeezerSampleSwift" */ = {
			isa = XCConfigurationList;
			buildConfigurations = (
				BE08EF3C1FA884F0004A4D6D /* Debug */,
				BE08EF3D1FA884F0004A4D6D /* Release */,
			);
			defaultConfigurationIsVisible = 0;
			defaultConfigurationName = Release;
		};
		BE08EF3E1FA884F0004A4D6D /* Build configuration list for PBXNativeTarget "DeezerSampleSwift" */ = {
			isa = XCConfigurationList;
			buildConfigurations = (
				BE08EF3F1FA884F0004A4D6D /* Debug */,
				BE08EF401FA884F0004A4D6D /* Release */,
			);
			defaultConfigurationIsVisible = 0;
			defaultConfigurationName = Release;
		};
		BE08EF411FA884F0004A4D6D /* Build configuration list for PBXNativeTarget "DeezerSampleSwiftTests" */ = {
			isa = XCConfigurationList;
			buildConfigurations = (
				BE08EF421FA884F0004A4D6D /* Debug */,
				BE08EF431FA884F0004A4D6D /* Release */,
			);
			defaultConfigurationIsVisible = 0;
			defaultConfigurationName = Release;
		};
		BE08EF441FA884F0004A4D6D /* Build configuration list for PBXNativeTarget "DeezerSampleSwiftUITests" */ = {
			isa = XCConfigurationList;
			buildConfigurations = (
				BE08EF451FA884F0004A4D6D /* Debug */,
				BE08EF461FA884F0004A4D6D /* Release */,
			);
			defaultConfigurationIsVisible = 0;
			defaultConfigurationName = Release;
		};
/* End XCConfigurationList section */
	};
	rootObject = BE08EF0E1FA884EF004A4D6D /* Project object */;
}
